<?xml version="1.0" encoding="utf-8"?>
<Project ToolsVersion="4.0" xmlns="http://schemas.microsoft.com/developer/msbuild/2003">
  <ItemGroup>
    <Filter Include="소스 파일">
      <UniqueIdentifier>{4FC737F1-C7A5-4376-A066-2A32D752A2FF}</UniqueIdentifier>
      <Extensions>cpp;c;cc;cxx;def;odl;idl;hpj;bat;asm;asmx</Extensions>
    </Filter>
    <Filter Include="헤더 파일">
      <UniqueIdentifier>{93995380-89BD-4b04-88EB-625FBE52EBFB}</UniqueIdentifier>
      <Extensions>h;hh;hpp;hxx;hm;inl;inc;ipp;xsd</Extensions>
    </Filter>
    <Filter Include="리소스 파일">
      <UniqueIdentifier>{67DA6AB6-F800-4c08-8B7A-83BB121AAD01}</UniqueIdentifier>
      <Extensions>rc;ico;cur;bmp;dlg;rc2;rct;bin;rgs;gif;jpg;jpeg;jpe;resx;tiff;tif;png;wav;mfcribbon-ms</Extensions>
    </Filter>
    <Filter Include="Reflection">
      <UniqueIdentifier>{7920be02-6deb-436b-a57e-6d91753a3aa1}</UniqueIdentifier>
    </Filter>
    <Filter Include="Reflection\Value">
      <UniqueIdentifier>{1bce19c0-96b7-451d-bb33-4d41a8dfef2f}</UniqueIdentifier>
    </Filter>
    <Filter Include="Reflection\Field">
      <UniqueIdentifier>{2465639b-1dd0-4b1c-a208-d5d9523bb9ea}</UniqueIdentifier>
    </Filter>
    <Filter Include="Reflection\Type">
      <UniqueIdentifier>{81781a71-e349-4131-8d62-0d0ee8d7dddf}</UniqueIdentifier>
    </Filter>
    <Filter Include="Reflection\Method">
      <UniqueIdentifier>{c0536fdc-41ec-4d4b-b9fa-5dcd57c98f95}</UniqueIdentifier>
    </Filter>
    <Filter Include="Reflection\Class">
      <UniqueIdentifier>{8d139d40-a772-4c78-810c-6e95935505df}</UniqueIdentifier>
    </Filter>
    <Filter Include="Reflection\Descriptor">
      <UniqueIdentifier>{22f62a53-228c-42c6-90d9-009e4591ab53}</UniqueIdentifier>
    </Filter>
  </ItemGroup>
  <ItemGroup>
    <ClCompile Include="MyReflection2.cpp">
      <Filter>소스 파일</Filter>
    </ClCompile>
    <ClCompile Include="Type.cpp">
      <Filter>Reflection\Type</Filter>
    </ClCompile>
    <ClCompile Include="Field.cpp">
      <Filter>Reflection\Field</Filter>
    </ClCompile>
    <ClCompile Include="Value.cpp">
      <Filter>Reflection\Value</Filter>
    </ClCompile>
    <ClCompile Include="Test.cpp">
      <Filter>소스 파일</Filter>
    </ClCompile>
    <ClCompile Include="Method.cpp">
      <Filter>Reflection\Method</Filter>
    </ClCompile>
    <ClCompile Include="Class.cpp">
      <Filter>Reflection\Class</Filter>
    </ClCompile>
    <ClCompile Include="Descriptor.cpp">
      <Filter>Reflection\Descriptor</Filter>
    </ClCompile>
    <ClCompile Include="DefineReflection.cpp">
      <Filter>Reflection</Filter>
    </ClCompile>
  </ItemGroup>
  <ItemGroup>
    <ClInclude Include="Type.h">
      <Filter>Reflection\Type</Filter>
    </ClInclude>
    <ClInclude Include="Field.h">
      <Filter>Reflection\Field</Filter>
    </ClInclude>
    <ClInclude Include="Value.h">
      <Filter>Reflection\Value</Filter>
    </ClInclude>
    <ClInclude Include="Test.h">
      <Filter>헤더 파일</Filter>
    </ClInclude>
    <ClInclude Include="Method.h">
      <Filter>Reflection\Method</Filter>
    </ClInclude>
    <ClInclude Include="Class.h">
      <Filter>Reflection\Class</Filter>
    </ClInclude>
    <ClInclude Include="Descriptor.h">
      <Filter>Reflection\Descriptor</Filter>
    </ClInclude>
    <ClInclude Include="DefineReflection.h">
      <Filter>Reflection</Filter>
    </ClInclude>
  </ItemGroup>
</Project>