<?xml version="1.0" encoding="utf-8"?>
<Project ToolsVersion="4.0" xmlns="http://schemas.microsoft.com/developer/msbuild/2003">
  <ItemGroup>
    <Filter Include="소스 파일">
      <UniqueIdentifier>{4FC737F1-C7A5-4376-A066-2A32D752A2FF}</UniqueIdentifier>
      <Extensions>cpp;c;cc;cxx;def;odl;idl;hpj;bat;asm;asmx</Extensions>
    </Filter>
    <Filter Include="Reflection">
      <UniqueIdentifier>{3891a72f-e57a-470d-bb62-9733f0d9bb37}</UniqueIdentifier>
    </Filter>
    <Filter Include="헤더 파일">
      <UniqueIdentifier>{93995380-89BD-4b04-88EB-625FBE52EBFB}</UniqueIdentifier>
      <Extensions>h;hh;hpp;hxx;hm;inl;inc;ipp;xsd</Extensions>
    </Filter>
    <Filter Include="Reflection\Value">
      <UniqueIdentifier>{98373820-ca5d-4506-ac92-a573f49878d3}</UniqueIdentifier>
    </Filter>
    <Filter Include="Reflection\Field">
      <UniqueIdentifier>{c0f77bcb-d569-4f0a-830f-41f991d64399}</UniqueIdentifier>
    </Filter>
    <Filter Include="Reflection\Class">
      <UniqueIdentifier>{af8f72df-9d44-4ef2-b690-4bd9f2a25674}</UniqueIdentifier>
    </Filter>
    <Filter Include="Reflection\Method">
      <UniqueIdentifier>{449cf177-7f17-48f4-b774-e3f7163bc70b}</UniqueIdentifier>
    </Filter>
    <Filter Include="Reflection\Descriptor">
      <UniqueIdentifier>{3b6bcb91-7e80-4436-8d57-bd516da74368}</UniqueIdentifier>
    </Filter>
    <Filter Include="리소스 파일">
      <UniqueIdentifier>{67DA6AB6-F800-4c08-8B7A-83BB121AAD01}</UniqueIdentifier>
      <Extensions>rc;ico;cur;bmp;dlg;rc2;rct;bin;rgs;gif;jpg;jpeg;jpe;resx;tiff;tif;png;wav;mfcribbon-ms</Extensions>
    </Filter>
  </ItemGroup>
  <ItemGroup>
    <ClCompile Include="MyReflection.cpp">
      <Filter>소스 파일</Filter>
    </ClCompile>
    <ClCompile Include="Test.cpp">
      <Filter>소스 파일</Filter>
    </ClCompile>
    <ClCompile Include="Value.cpp">
      <Filter>Reflection\Value</Filter>
    </ClCompile>
    <ClCompile Include="Field.cpp">
      <Filter>Reflection\Field</Filter>
    </ClCompile>
    <ClCompile Include="Class.cpp">
      <Filter>Reflection\Class</Filter>
    </ClCompile>
    <ClCompile Include="Method.cpp">
      <Filter>Reflection\Method</Filter>
    </ClCompile>
    <ClCompile Include="FieldDescriptor.cpp">
      <Filter>Reflection\Field</Filter>
    </ClCompile>
    <ClCompile Include="MethodDescriptor.cpp">
      <Filter>Reflection\Method</Filter>
    </ClCompile>
  </ItemGroup>
  <ItemGroup>
    <ClInclude Include="resource.h">
      <Filter>헤더 파일</Filter>
    </ClInclude>
    <ClInclude Include="Value.h">
      <Filter>Reflection\Value</Filter>
    </ClInclude>
    <ClInclude Include="Field.h">
      <Filter>Reflection\Field</Filter>
    </ClInclude>
    <ClInclude Include="Class.h">
      <Filter>Reflection\Class</Filter>
    </ClInclude>
    <ClInclude Include="Method.h">
      <Filter>Reflection\Method</Filter>
    </ClInclude>
    <ClInclude Include="TypeDescriptor.h">
      <Filter>Reflection\Descriptor</Filter>
    </ClInclude>
    <ClInclude Include="MethodDescriptor.h">
      <Filter>Reflection\Method</Filter>
    </ClInclude>
    <ClInclude Include="FieldDescriptor.h">
      <Filter>Reflection\Field</Filter>
    </ClInclude>
    <ClInclude Include="Test.h">
      <Filter>헤더 파일</Filter>
    </ClInclude>
  </ItemGroup>
</Project>