
Microsoft Visual Studio Solution File, Format Version 12.00
# Visual Studio 15
VisualStudioVersion = 15.0.28307.1321
MinimumVisualStudioVersion = 10.0.40219.1
Project("{8BC9CEB8-8B4A-11D0-8D11-00A0C91BC942}") = "MyReflection2", "MyReflection2\MyReflection2.vcxproj", "{148CC1BC-A754-4BCA-835C-831D61B53FE4}"
EndProject
Global
	GlobalSection(SolutionConfigurationPlatforms) = preSolution
		Debug|x64 = Debug|x64
		Debug|x86 = Debug|x86
		Release|x64 = Release|x64
		Release|x86 = Release|x86
	EndGlobalSection
	GlobalSection(ProjectConfigurationPlatforms) = postSolution
		{148CC1BC-A754-4BCA-835C-831D61B53FE4}.Debug|x64.ActiveCfg = Debug|x64
		{148CC1BC-A754-4BCA-835C-831D61B53FE4}.Debug|x64.Build.0 = Debug|x64
		{148CC1BC-A754-4BCA-835C-831D61B53FE4}.Debug|x86.ActiveCfg = Debug|Win32
		{148CC1BC-A754-4BCA-835C-831D61B53FE4}.Debug|x86.Build.0 = Debug|Win32
		{148CC1BC-A754-4BCA-835C-831D61B53FE4}.Release|x64.ActiveCfg = Release|x64
		{148CC1BC-A754-4BCA-835C-831D61B53FE4}.Release|x64.Build.0 = Release|x64
		{148CC1BC-A754-4BCA-835C-831D61B53FE4}.Release|x86.ActiveCfg = Release|Win32
		{148CC1BC-A754-4BCA-835C-831D61B53FE4}.Release|x86.Build.0 = Release|Win32
	EndGlobalSection
	GlobalSection(SolutionProperties) = preSolution
		HideSolutionNode = FALSE
	EndGlobalSection
	GlobalSection(ExtensibilityGlobals) = postSolution
		SolutionGuid = {D1E30E47-2E06-49A1-A7C8-3327A073D416}
	EndGlobalSection
EndGlobal
